// !$*UTF8*$!
{
	archiveVersion = 1;
	classes = {
	};
	objectVersion = 46;
	objects = {

/* Begin PBXBuildFile section */
		8FD56F761971AC4F004DDF69 /* AppDelegate.swift in Sources */ = {isa = PBXBuildFile; fileRef = 8FD56F751971AC4F004DDF69 /* AppDelegate.swift */; };
		8FD56F781971AC4F004DDF69 /* MasterViewController.swift in Sources */ = {isa = PBXBuildFile; fileRef = 8FD56F771971AC4F004DDF69 /* MasterViewController.swift */; };
		8FD56F7A1971AC4F004DDF69 /* DetailViewController.swift in Sources */ = {isa = PBXBuildFile; fileRef = 8FD56F791971AC4F004DDF69 /* DetailViewController.swift */; };
		8FD56F7D1971AC4F004DDF69 /* Main.storyboard in Resources */ = {isa = PBXBuildFile; fileRef = 8FD56F7B1971AC4F004DDF69 /* Main.storyboard */; };
		8FD56F7F1971AC4F004DDF69 /* Images.xcassets in Resources */ = {isa = PBXBuildFile; fileRef = 8FD56F7E1971AC4F004DDF69 /* Images.xcassets */; };
		8FD56F8B1971AC4F004DDF69 /* SwiftClassTodoTests.swift in Sources */ = {isa = PBXBuildFile; fileRef = 8FD56F8A1971AC4F004DDF69 /* SwiftClassTodoTests.swift */; };
/* End PBXBuildFile section */

/* Begin PBXContainerItemProxy section */
		8FD56F851971AC4F004DDF69 /* PBXContainerItemProxy */ = {
			isa = PBXContainerItemProxy;
			containerPortal = 8FD56F681971AC4F004DDF69 /* Project object */;
			proxyType = 1;
			remoteGlobalIDString = 8FD56F6F1971AC4F004DDF69;
			remoteInfo = SwiftClassTodo;
		};
/* End PBXContainerItemProxy section */

/* Begin PBXFileReference section */
		8FD56F701971AC4F004DDF69 /* SwiftClassTodo.app */ = {isa = PBXFileReference; explicitFileType = wrapper.application; includeInIndex = 0; path = SwiftClassTodo.app; sourceTree = BUILT_PRODUCTS_DIR; };
		8FD56F741971AC4F004DDF69 /* Info.plist */ = {isa = PBXFileReference; lastKnownFileType = text.plist.xml; path = Info.plist; sourceTree = "<group>"; };
		8FD56F751971AC4F004DDF69 /* AppDelegate.swift */ = {isa = PBXFileReference; lastKnownFileType = sourcecode.swift; path = AppDelegate.swift; sourceTree = "<group>"; };
		8FD56F771971AC4F004DDF69 /* MasterViewController.swift */ = {isa = PBXFileReference; lastKnownFileType = sourcecode.swift; path = MasterViewController.swift; sourceTree = "<group>"; };
		8FD56F791971AC4F004DDF69 /* DetailViewController.swift */ = {isa = PBXFileReference; lastKnownFileType = sourcecode.swift; path = DetailViewController.swift; sourceTree = "<group>"; };
		8FD56F7C1971AC4F004DDF69 /* Base */ = {isa = PBXFileReference; lastKnownFileType = file.storyboard; name = Base; path = Base.lproj/Main.storyboard; sourceTree = "<group>"; };
		8FD56F7E1971AC4F004DDF69 /* Images.xcassets */ = {isa = PBXFileReference; lastKnownFileType = folder.assetcatalog; path = Images.xcassets; sourceTree = "<group>"; };
		8FD56F841971AC4F004DDF69 /* SwiftClassTodoTests.xctest */ = {isa = PBXFileReference; explicitFileType = wrapper.cfbundle; includeInIndex = 0; path = SwiftClassTodoTests.xctest; sourceTree = BUILT_PRODUCTS_DIR; };
		8FD56F891971AC4F004DDF69 /* Info.plist */ = {isa = PBXFileReference; lastKnownFileType = text.plist.xml; path = Info.plist; sourceTree = "<group>"; };
		8FD56F8A1971AC4F004DDF69 /* SwiftClassTodoTests.swift */ = {isa = PBXFileReference; lastKnownFileType = sourcecode.swift; path = SwiftClassTodoTests.swift; sourceTree = "<group>"; };
/* End PBXFileReference section */

/* Begin PBXFrameworksBuildPhase section */
		8FD56F6D1971AC4F004DDF69 /* Frameworks */ = {
			isa = PBXFrameworksBuildPhase;
			buildActionMask = 2147483647;
			files = (
			);
			runOnlyForDeploymentPostprocessing = 0;
		};
		8FD56F811971AC4F004DDF69 /* Frameworks */ = {
			isa = PBXFrameworksBuildPhase;
			buildActionMask = 2147483647;
			files = (
			);
			runOnlyForDeploymentPostprocessing = 0;
		};
/* End PBXFrameworksBuildPhase section */

/* Begin PBXGroup section */
		8FD56F671971AC4F004DDF69 = {
			isa = PBXGroup;
			children = (
				8FD56F721971AC4F004DDF69 /* SwiftClassTodo */,
				8FD56F871971AC4F004DDF69 /* SwiftClassTodoTests */,
				8FD56F711971AC4F004DDF69 /* Products */,
			);
			sourceTree = "<group>";
		};
		8FD56F711971AC4F004DDF69 /* Products */ = {
			isa = PBXGroup;
			children = (
				8FD56F701971AC4F004DDF69 /* SwiftClassTodo.app */,
				8FD56F841971AC4F004DDF69 /* SwiftClassTodoTests.xctest */,
			);
			name = Products;
			sourceTree = "<group>";
		};
		8FD56F721971AC4F004DDF69 /* SwiftClassTodo */ = {
			isa = PBXGroup;
			children = (
				8FD56F751971AC4F004DDF69 /* AppDelegate.swift */,
				8FD56F771971AC4F004DDF69 /* MasterViewController.swift */,
				8FD56F791971AC4F004DDF69 /* DetailViewController.swift */,
				8FD56F7B1971AC4F004DDF69 /* Main.storyboard */,
				8FD56F7E1971AC4F004DDF69 /* Images.xcassets */,
				8FD56F731971AC4F004DDF69 /* Supporting Files */,
			);
			path = SwiftClassTodo;
			sourceTree = "<group>";
		};
		8FD56F731971AC4F004DDF69 /* Supporting Files */ = {
			isa = PBXGroup;
			children = (
				8FD56F741971AC4F004DDF69 /* Info.plist */,
			);
			name = "Supporting Files";
			sourceTree = "<group>";
		};
		8FD56F871971AC4F004DDF69 /* SwiftClassTodoTests */ = {
			isa = PBXGroup;
			children = (
				8FD56F8A1971AC4F004DDF69 /* SwiftClassTodoTests.swift */,
				8FD56F881971AC4F004DDF69 /* Supporting Files */,
			);
			path = SwiftClassTodoTests;
			sourceTree = "<group>";
		};
		8FD56F881971AC4F004DDF69 /* Supporting Files */ = {
			isa = PBXGroup;
			children = (
				8FD56F891971AC4F004DDF69 /* Info.plist */,
			);
			name = "Supporting Files";
			sourceTree = "<group>";
		};
/* End PBXGroup section */

/* Begin PBXNativeTarget section */
		8FD56F6F1971AC4F004DDF69 /* SwiftClassTodo */ = {
			isa = PBXNativeTarget;
			buildConfigurationList = 8FD56F8E1971AC4F004DDF69 /* Build configuration list for PBXNativeTarget "SwiftClassTodo" */;
			buildPhases = (
				8FD56F6C1971AC4F004DDF69 /* Sources */,
				8FD56F6D1971AC4F004DDF69 /* Frameworks */,
				8FD56F6E1971AC4F004DDF69 /* Resources */,
			);
			buildRules = (
			);
			dependencies = (
			);
			name = SwiftClassTodo;
			productName = SwiftClassTodo;
			productReference = 8FD56F701971AC4F004DDF69 /* SwiftClassTodo.app */;
			productType = "com.apple.product-type.application";
		};
		8FD56F831971AC4F004DDF69 /* SwiftClassTodoTests */ = {
			isa = PBXNativeTarget;
			buildConfigurationList = 8FD56F911971AC4F004DDF69 /* Build configuration list for PBXNativeTarget "SwiftClassTodoTests" */;
			buildPhases = (
				8FD56F801971AC4F004DDF69 /* Sources */,
				8FD56F811971AC4F004DDF69 /* Frameworks */,
				8FD56F821971AC4F004DDF69 /* Resources */,
			);
			buildRules = (
			);
			dependencies = (
				8FD56F861971AC4F004DDF69 /* PBXTargetDependency */,
			);
			name = SwiftClassTodoTests;
			productName = SwiftClassTodoTests;
			productReference = 8FD56F841971AC4F004DDF69 /* SwiftClassTodoTests.xctest */;
			productType = "com.apple.product-type.bundle.unit-test";
		};
/* End PBXNativeTarget section */

/* Begin PBXProject section */
		8FD56F681971AC4F004DDF69 /* Project object */ = {
			isa = PBXProject;
			attributes = {
				LastUpgradeCheck = 0600;
				ORGANIZATIONNAME = "Johannes Würbach";
				TargetAttributes = {
					8FD56F6F1971AC4F004DDF69 = {
						CreatedOnToolsVersion = 6.0;
					};
					8FD56F831971AC4F004DDF69 = {
						CreatedOnToolsVersion = 6.0;
						TestTargetID = 8FD56F6F1971AC4F004DDF69;
					};
				};
			};
			buildConfigurationList = 8FD56F6B1971AC4F004DDF69 /* Build configuration list for PBXProject "SwiftClassTodo" */;
			compatibilityVersion = "Xcode 3.2";
			developmentRegion = English;
			hasScannedForEncodings = 0;
			knownRegions = (
				en,
				Base,
			);
			mainGroup = 8FD56F671971AC4F004DDF69;
			productRefGroup = 8FD56F711971AC4F004DDF69 /* Products */;
			projectDirPath = "";
			projectRoot = "";
			targets = (
				8FD56F6F1971AC4F004DDF69 /* SwiftClassTodo */,
				8FD56F831971AC4F004DDF69 /* SwiftClassTodoTests */,
			);
		};
/* End PBXProject section */

/* Begin PBXResourcesBuildPhase section */
		8FD56F6E1971AC4F004DDF69 /* Resources */ = {
			isa = PBXResourcesBuildPhase;
			buildActionMask = 2147483647;
			files = (
				8FD56F7D1971AC4F004DDF69 /* Main.storyboard in Resources */,
				8FD56F7F1971AC4F004DDF69 /* Images.xcassets in Resources */,
			);
			runOnlyForDeploymentPostprocessing = 0;
		};
		8FD56F821971AC4F004DDF69 /* Resources */ = {
			isa = PBXResourcesBuildPhase;
			buildActionMask = 2147483647;
			files = (
			);
			runOnlyForDeploymentPostprocessing = 0;
		};
/* End PBXResourcesBuildPhase section */

/* Begin PBXSourcesBuildPhase section */
		8FD56F6C1971AC4F004DDF69 /* Sources */ = {
			isa = PBXSourcesBuildPhase;
			buildActionMask = 2147483647;
			files = (
				8FD56F7A1971AC4F004DDF69 /* DetailViewController.swift in Sources */,
				8FD56F781971AC4F004DDF69 /* MasterViewController.swift in Sources */,
				8FD56F761971AC4F004DDF69 /* AppDelegate.swift in Sources */,
			);
			runOnlyForDeploymentPostprocessing = 0;
		};
		8FD56F801971AC4F004DDF69 /* Sources */ = {
			isa = PBXSourcesBuildPhase;
			buildActionMask = 2147483647;
			files = (
				8FD56F8B1971AC4F004DDF69 /* SwiftClassTodoTests.swift in Sources */,
			);
			runOnlyForDeploymentPostprocessing = 0;
		};
/* End PBXSourcesBuildPhase section */

/* Begin PBXTargetDependency section */
		8FD56F861971AC4F004DDF69 /* PBXTargetDependency */ = {
			isa = PBXTargetDependency;
			target = 8FD56F6F1971AC4F004DDF69 /* SwiftClassTodo */;
			targetProxy = 8FD56F851971AC4F004DDF69 /* PBXContainerItemProxy */;
		};
/* End PBXTargetDependency section */

/* Begin PBXVariantGroup section */
		8FD56F7B1971AC4F004DDF69 /* Main.storyboard */ = {
			isa = PBXVariantGroup;
			children = (
				8FD56F7C1971AC4F004DDF69 /* Base */,
			);
			name = Main.storyboard;
			sourceTree = "<group>";
		};
/* End PBXVariantGroup section */

/* Begin XCBuildConfiguration section */
		8FD56F8C1971AC4F004DDF69 /* Debug */ = {
			isa = XCBuildConfiguration;
			buildSettings = {
				ALWAYS_SEARCH_USER_PATHS = NO;
				CLANG_CXX_LANGUAGE_STANDARD = "gnu++0x";
				CLANG_CXX_LIBRARY = "libc++";
				CLANG_ENABLE_MODULES = YES;
				CLANG_ENABLE_OBJC_ARC = YES;
				CLANG_WARN_BOOL_CONVERSION = YES;
				CLANG_WARN_CONSTANT_CONVERSION = YES;
				CLANG_WARN_DIRECT_OBJC_ISA_USAGE = YES_ERROR;
				CLANG_WARN_EMPTY_BODY = YES;
				CLANG_WARN_ENUM_CONVERSION = YES;
				CLANG_WARN_INT_CONVERSION = YES;
				CLANG_WARN_OBJC_ROOT_CLASS = YES_ERROR;
				CLANG_WARN_UNREACHABLE_CODE = YES;
				CLANG_WARN__DUPLICATE_METHOD_MATCH = YES;
				"CODE_SIGN_IDENTITY[sdk=iphoneos*]" = "iPhone Developer";
				COPY_PHASE_STRIP = NO;
				ENABLE_STRICT_OBJC_MSGSEND = YES;
				GCC_C_LANGUAGE_STANDARD = gnu99;
				GCC_DYNAMIC_NO_PIC = NO;
				GCC_OPTIMIZATION_LEVEL = 0;
				GCC_PREPROCESSOR_DEFINITIONS = (
					"DEBUG=1",
					"$(inherited)",
				);
				GCC_SYMBOLS_PRIVATE_EXTERN = NO;
				GCC_WARN_64_TO_32_BIT_CONVERSION = YES;
				GCC_WARN_ABOUT_RETURN_TYPE = YES_ERROR;
				GCC_WARN_UNDECLARED_SELECTOR = YES;
				GCC_WARN_UNINITIALIZED_AUTOS = YES_AGGRESSIVE;
				GCC_WARN_UNUSED_FUNCTION = YES;
				GCC_WARN_UNUSED_VARIABLE = YES;
				IPHONEOS_DEPLOYMENT_TARGET = 8.0;
				MTL_ENABLE_DEBUG_INFO = YES;
				ONLY_ACTIVE_ARCH = YES;
				SDKROOT = iphoneos;
				SWIFT_OPTIMIZATION_LEVEL = "-Onone";
				TARGETED_DEVICE_FAMILY = "1,2";
			};
			name = Debug;
		};
		8FD56F8D1971AC4F004DDF69 /* Release */ = {
			isa = XCBuildConfiguration;
			buildSettings = {
				ALWAYS_SEARCH_USER_PATHS = NO;
				CLANG_CXX_LANGUAGE_STANDARD = "gnu++0x";
				CLANG_CXX_LIBRARY = "libc++";
				CLANG_ENABLE_MODULES = YES;
				CLANG_ENABLE_OBJC_ARC = YES;
				CLANG_WARN_BOOL_CONVERSION = YES;
				CLANG_WARN_CONSTANT_CONVERSION = YES;
				CLANG_WARN_DIRECT_OBJC_ISA_USAGE = YES_ERROR;
				CLANG_WARN_EMPTY_BODY = YES;
				CLANG_WARN_ENUM_CONVERSION = YES;
				CLANG_WARN_INT_CONVERSION = YES;
				CLANG_WARN_OBJC_ROOT_CLASS = YES_ERROR;
				CLANG_WARN_UNREACHABLE_CODE = YES;
				CLANG_WARN__DUPLICATE_METHOD_MATCH = YES;
				"CODE_SIGN_IDENTITY[sdk=iphoneos*]" = "iPhone Developer";
				COPY_PHASE_STRIP = YES;
				ENABLE_NS_ASSERTIONS = NO;
				ENABLE_STRICT_OBJC_MSGSEND = YES;
				GCC_C_LANGUAGE_STANDARD = gnu99;
				GCC_WARN_64_TO_32_BIT_CONVERSION = YES;
				GCC_WARN_ABOUT_RETURN_TYPE = YES_ERROR;
				GCC_WARN_UNDECLARED_SELECTOR = YES;
				GCC_WARN_UNINITIALIZED_AUTOS = YES_AGGRESSIVE;
				GCC_WARN_UNUSED_FUNCTION = YES;
				GCC_WARN_UNUSED_VARIABLE = YES;
				IPHONEOS_DEPLOYMENT_TARGET = 8.0;
				MTL_ENABLE_DEBUG_INFO = NO;
				SDKROOT = iphoneos;
				TARGETED_DEVICE_FAMILY = "1,2";
				VALIDATE_PRODUCT = YES;
			};
			name = Release;
		};
		8FD56F8F1971AC4F004DDF69 /* Debug */ = {
			isa = XCBuildConfiguration;
			buildSettings = {
				ASSETCATALOG_COMPILER_APPICON_NAME = AppIcon;
				ASSETCATALOG_COMPILER_LAUNCHIMAGE_NAME = LaunchImage;
				INFOPLIST_FILE = SwiftClassTodo/Info.plist;
				LD_RUNPATH_SEARCH_PATHS = "$(inherited) @executable_path/Frameworks";
				PRODUCT_NAME = "$(TARGET_NAME)";
			};
			name = Debug;
		};
		8FD56F901971AC4F004DDF69 /* Release */ = {
			isa = XCBuildConfiguration;
			buildSettings = {
				ASSETCATALOG_COMPILER_APPICON_NAME = AppIcon;
				ASSETCATALOG_COMPILER_LAUNCHIMAGE_NAME = LaunchImage;
				INFOPLIST_FILE = SwiftClassTodo/Info.plist;
				LD_RUNPATH_SEARCH_PATHS = "$(inherited) @executable_path/Frameworks";
				PRODUCT_NAME = "$(TARGET_NAME)";
			};
			name = Release;
		};
		8FD56F921971AC4F004DDF69 /* Debug */ = {
			isa = XCBuildConfiguration;
			buildSettings = {
				BUNDLE_LOADER = "$(BUILT_PRODUCTS_DIR)/SwiftClassTodo.app/SwiftClassTodo";
				FRAMEWORK_SEARCH_PATHS = (
					"$(SDKROOT)/Developer/Library/Frameworks",
					"$(inherited)",
				);
				GCC_PREPROCESSOR_DEFINITIONS = (
					"DEBUG=1",
					"$(inherited)",
				);
				INFOPLIST_FILE = SwiftClassTodoTests/Info.plist;
				LD_RUNPATH_SEARCH_PATHS = "$(inherited) @executable_path/Frameworks @loader_path/Frameworks";
				PRODUCT_NAME = "$(TARGET_NAME)";
				TEST_HOST = "$(BUNDLE_LOADER)";
			};
			name = Debug;
		};
		8FD56F931971AC4F004DDF69 /* Release */ = {
			isa = XCBuildConfiguration;
			buildSettings = {
				BUNDLE_LOADER = "$(BUILT_PRODUCTS_DIR)/SwiftClassTodo.app/SwiftClassTodo";
				FRAMEWORK_SEARCH_PATHS = (
					"$(SDKROOT)/Developer/Library/Frameworks",
					"$(inherited)",
				);
				INFOPLIST_FILE = SwiftClassTodoTests/Info.plist;
				LD_RUNPATH_SEARCH_PATHS = "$(inherited) @executable_path/Frameworks @loader_path/Frameworks";
				PRODUCT_NAME = "$(TARGET_NAME)";
				TEST_HOST = "$(BUNDLE_LOADER)";
			};
			name = Release;
		};
/* End XCBuildConfiguration section */

/* Begin XCConfigurationList section */
		8FD56F6B1971AC4F004DDF69 /* Build configuration list for PBXProject "SwiftClassTodo" */ = {
			isa = XCConfigurationList;
			buildConfigurations = (
				8FD56F8C1971AC4F004DDF69 /* Debug */,
				8FD56F8D1971AC4F004DDF69 /* Release */,
			);
			defaultConfigurationIsVisible = 0;
			defaultConfigurationName = Release;
		};
		8FD56F8E1971AC4F004DDF69 /* Build configuration list for PBXNativeTarget "SwiftClassTodo" */ = {
			isa = XCConfigurationList;
			buildConfigurations = (
				8FD56F8F1971AC4F004DDF69 /* Debug */,
				8FD56F901971AC4F004DDF69 /* Release */,
			);
			defaultConfigurationIsVisible = 0;
		};
		8FD56F911971AC4F004DDF69 /* Build configuration list for PBXNativeTarget "SwiftClassTodoTests" */ = {
			isa = XCConfigurationList;
			buildConfigurations = (
				8FD56F921971AC4F004DDF69 /* Debug */,
				8FD56F931971AC4F004DDF69 /* Release */,
			);
			defaultConfigurationIsVisible = 0;
		};
/* End XCConfigurationList section */
	};
	rootObject = 8FD56F681971AC4F004DDF69 /* Project object */;
}
